
Microsoft Visual Studio Solution File, Format Version 12.00
# Visual Studio Version 16
VisualStudioVersion = 16.0.28803.202
MinimumVisualStudioVersion = 10.0.40219.1
Project("{FAE04EC0-301F-11D3-BF4B-00C04F79EFBC}") = "DiplomApp.Core", "DiplomApp\DiplomApp.Core.csproj", "{311A393F-8BE7-40B2-9BB2-C2C69D38A228}"
EndProject
Project("{FAE04EC0-301F-11D3-BF4B-00C04F79EFBC}") = "MQTTTestApp", "..\MQTTTestApp\MQTTTestApp\MQTTTestApp.csproj", "{909289D5-57C6-4254-A384-23BB62AEB1A9}"
EndProject
Project("{9A19103F-16F7-4668-BE54-9A1E7A4F7556}") = "DiplomApp.Web", "MqttWebApp\DiplomApp.Web.csproj", "{5B901BC3-3AC8-4C78-B59C-2914429F5768}"
EndProject
Project("{FAE04EC0-301F-11D3-BF4B-00C04F79EFBC}") = "DiplomApp.Core.Tests", "DiplomApp.Core.Tests\DiplomApp.Core.Tests.csproj", "{F421698A-F7EB-405A-9689-6CA5CCC2C832}"
EndProject
Global
	GlobalSection(SolutionConfigurationPlatforms) = preSolution
		Debug|Any CPU = Debug|Any CPU
		Debug|x64 = Debug|x64
		Debug|x86 = Debug|x86
		Release|Any CPU = Release|Any CPU
		Release|x64 = Release|x64
		Release|x86 = Release|x86
	EndGlobalSection
	GlobalSection(ProjectConfigurationPlatforms) = postSolution
		{311A393F-8BE7-40B2-9BB2-C2C69D38A228}.Debug|Any CPU.ActiveCfg = Debug|Any CPU
		{311A393F-8BE7-40B2-9BB2-C2C69D38A228}.Debug|Any CPU.Build.0 = Debug|Any CPU
		{311A393F-8BE7-40B2-9BB2-C2C69D38A228}.Debug|x64.ActiveCfg = Debug|Any CPU
		{311A393F-8BE7-40B2-9BB2-C2C69D38A228}.Debug|x64.Build.0 = Debug|Any CPU
		{311A393F-8BE7-40B2-9BB2-C2C69D38A228}.Debug|x86.ActiveCfg = Debug|Any CPU
		{311A393F-8BE7-40B2-9BB2-C2C69D38A228}.Debug|x86.Build.0 = Debug|Any CPU
		{311A393F-8BE7-40B2-9BB2-C2C69D38A228}.Release|Any CPU.ActiveCfg = Release|Any CPU
		{311A393F-8BE7-40B2-9BB2-C2C69D38A228}.Release|Any CPU.Build.0 = Release|Any CPU
		{311A393F-8BE7-40B2-9BB2-C2C69D38A228}.Release|x64.ActiveCfg = Release|Any CPU
		{311A393F-8BE7-40B2-9BB2-C2C69D38A228}.Release|x64.Build.0 = Release|Any CPU
		{311A393F-8BE7-40B2-9BB2-C2C69D38A228}.Release|x86.ActiveCfg = Release|Any CPU
		{311A393F-8BE7-40B2-9BB2-C2C69D38A228}.Release|x86.Build.0 = Release|Any CPU
		{909289D5-57C6-4254-A384-23BB62AEB1A9}.Debug|Any CPU.ActiveCfg = Debug|Any CPU
		{909289D5-57C6-4254-A384-23BB62AEB1A9}.Debug|Any CPU.Build.0 = Debug|Any CPU
		{909289D5-57C6-4254-A384-23BB62AEB1A9}.Debug|x64.ActiveCfg = Debug|Any CPU
		{909289D5-57C6-4254-A384-23BB62AEB1A9}.Debug|x64.Build.0 = Debug|Any CPU
		{909289D5-57C6-4254-A384-23BB62AEB1A9}.Debug|x86.ActiveCfg = Debug|Any CPU
		{909289D5-57C6-4254-A384-23BB62AEB1A9}.Debug|x86.Build.0 = Debug|Any CPU
		{909289D5-57C6-4254-A384-23BB62AEB1A9}.Release|Any CPU.ActiveCfg = Release|Any CPU
		{909289D5-57C6-4254-A384-23BB62AEB1A9}.Release|Any CPU.Build.0 = Release|Any CPU
		{909289D5-57C6-4254-A384-23BB62AEB1A9}.Release|x64.ActiveCfg = Release|Any CPU
		{909289D5-57C6-4254-A384-23BB62AEB1A9}.Release|x64.Build.0 = Release|Any CPU
		{909289D5-57C6-4254-A384-23BB62AEB1A9}.Release|x86.ActiveCfg = Release|Any CPU
		{909289D5-57C6-4254-A384-23BB62AEB1A9}.Release|x86.Build.0 = Release|Any CPU
		{5B901BC3-3AC8-4C78-B59C-2914429F5768}.Debug|Any CPU.ActiveCfg = Debug|Any CPU
		{5B901BC3-3AC8-4C78-B59C-2914429F5768}.Debug|Any CPU.Build.0 = Debug|Any CPU
		{5B901BC3-3AC8-4C78-B59C-2914429F5768}.Debug|x64.ActiveCfg = Debug|Any CPU
		{5B901BC3-3AC8-4C78-B59C-2914429F5768}.Debug|x64.Build.0 = Debug|Any CPU
		{5B901BC3-3AC8-4C78-B59C-2914429F5768}.Debug|x86.ActiveCfg = Debug|Any CPU
		{5B901BC3-3AC8-4C78-B59C-2914429F5768}.Debug|x86.Build.0 = Debug|Any CPU
		{5B901BC3-3AC8-4C78-B59C-2914429F5768}.Release|Any CPU.ActiveCfg = Release|Any CPU
		{5B901BC3-3AC8-4C78-B59C-2914429F5768}.Release|Any CPU.Build.0 = Release|Any CPU
		{5B901BC3-3AC8-4C78-B59C-2914429F5768}.Release|x64.ActiveCfg = Release|Any CPU
		{5B901BC3-3AC8-4C78-B59C-2914429F5768}.Release|x64.Build.0 = Release|Any CPU
		{5B901BC3-3AC8-4C78-B59C-2914429F5768}.Release|x86.ActiveCfg = Release|Any CPU
		{5B901BC3-3AC8-4C78-B59C-2914429F5768}.Release|x86.Build.0 = Release|Any CPU
		{F421698A-F7EB-405A-9689-6CA5CCC2C832}.Debug|Any CPU.ActiveCfg = Debug|Any CPU
		{F421698A-F7EB-405A-9689-6CA5CCC2C832}.Debug|Any CPU.Build.0 = Debug|Any CPU
		{F421698A-F7EB-405A-9689-6CA5CCC2C832}.Debug|x64.ActiveCfg = Debug|Any CPU
		{F421698A-F7EB-405A-9689-6CA5CCC2C832}.Debug|x64.Build.0 = Debug|Any CPU
		{F421698A-F7EB-405A-9689-6CA5CCC2C832}.Debug|x86.ActiveCfg = Debug|Any CPU
		{F421698A-F7EB-405A-9689-6CA5CCC2C832}.Debug|x86.Build.0 = Debug|Any CPU
		{F421698A-F7EB-405A-9689-6CA5CCC2C832}.Release|Any CPU.ActiveCfg = Release|Any CPU
		{F421698A-F7EB-405A-9689-6CA5CCC2C832}.Release|Any CPU.Build.0 = Release|Any CPU
		{F421698A-F7EB-405A-9689-6CA5CCC2C832}.Release|x64.ActiveCfg = Release|Any CPU
		{F421698A-F7EB-405A-9689-6CA5CCC2C832}.Release|x64.Build.0 = Release|Any CPU
		{F421698A-F7EB-405A-9689-6CA5CCC2C832}.Release|x86.ActiveCfg = Release|Any CPU
		{F421698A-F7EB-405A-9689-6CA5CCC2C832}.Release|x86.Build.0 = Release|Any CPU
	EndGlobalSection
	GlobalSection(SolutionProperties) = preSolution
		HideSolutionNode = FALSE
	EndGlobalSection
	GlobalSection(ExtensibilityGlobals) = postSolution
		SolutionGuid = {1AD37078-D278-4405-89C4-40CB0EB1E48C}
	EndGlobalSection
EndGlobal
