
Microsoft Visual Studio Solution File, Format Version 12.00
# Visual Studio Version 16
VisualStudioVersion = 16.0.28803.202
MinimumVisualStudioVersion = 10.0.40219.1
Project("{FAE04EC0-301F-11D3-BF4B-00C04F79EFBC}") = "DiplomApp.Core", "DiplomApp\DiplomApp.Core.csproj", "{311A393F-8BE7-40B2-9BB2-C2C69D38A228}"
EndProject
Project("{FAE04EC0-301F-11D3-BF4B-00C04F79EFBC}") = "DiplomApp.Core.Tests", "DiplomApp.Core.Tests\DiplomApp.Core.Tests.csproj", "{F421698A-F7EB-405A-9689-6CA5CCC2C832}"
EndProject
Project("{FAE04EC0-301F-11D3-BF4B-00C04F79EFBC}") = "EmuDevicesUtility", "EmuDevicesUtility\EmuDevicesUtility.csproj", "{C2A9539B-2F49-4208-9458-323184A5548B}"
EndProject
Project("{9A19103F-16F7-4668-BE54-9A1E7A4F7556}") = "DiplomApp.Web", "MqttWebApp\WebApplication\DiplomApp.Web.csproj", "{742393AF-7548-4F47-B43C-B4F29207B36E}"
	ProjectSection(ProjectDependencies) = postProject
		{17BC5B0C-BC2F-4AB6-975D-927C0AA84279} = {17BC5B0C-BC2F-4AB6-975D-927C0AA84279}
	EndProjectSection
EndProject
Project("{E53339B2-1760-4266-BCC7-CA923CBCF16C}") = "docker-compose", "docker-compose.dcproj", "{17BC5B0C-BC2F-4AB6-975D-927C0AA84279}"
EndProject
Global
	GlobalSection(SolutionConfigurationPlatforms) = preSolution
		Debug|Any CPU = Debug|Any CPU
		Debug|x64 = Debug|x64
		Debug|x86 = Debug|x86
		Release|Any CPU = Release|Any CPU
		Release|x64 = Release|x64
		Release|x86 = Release|x86
	EndGlobalSection
	GlobalSection(ProjectConfigurationPlatforms) = postSolution
		{311A393F-8BE7-40B2-9BB2-C2C69D38A228}.Debug|Any CPU.ActiveCfg = Debug|Any CPU
		{311A393F-8BE7-40B2-9BB2-C2C69D38A228}.Debug|Any CPU.Build.0 = Debug|Any CPU
		{311A393F-8BE7-40B2-9BB2-C2C69D38A228}.Debug|x64.ActiveCfg = Debug|Any CPU
		{311A393F-8BE7-40B2-9BB2-C2C69D38A228}.Debug|x64.Build.0 = Debug|Any CPU
		{311A393F-8BE7-40B2-9BB2-C2C69D38A228}.Debug|x86.ActiveCfg = Debug|Any CPU
		{311A393F-8BE7-40B2-9BB2-C2C69D38A228}.Debug|x86.Build.0 = Debug|Any CPU
		{311A393F-8BE7-40B2-9BB2-C2C69D38A228}.Release|Any CPU.ActiveCfg = Release|Any CPU
		{311A393F-8BE7-40B2-9BB2-C2C69D38A228}.Release|Any CPU.Build.0 = Release|Any CPU
		{311A393F-8BE7-40B2-9BB2-C2C69D38A228}.Release|x64.ActiveCfg = Release|Any CPU
		{311A393F-8BE7-40B2-9BB2-C2C69D38A228}.Release|x64.Build.0 = Release|Any CPU
		{311A393F-8BE7-40B2-9BB2-C2C69D38A228}.Release|x86.ActiveCfg = Release|Any CPU
		{311A393F-8BE7-40B2-9BB2-C2C69D38A228}.Release|x86.Build.0 = Release|Any CPU
		{F421698A-F7EB-405A-9689-6CA5CCC2C832}.Debug|Any CPU.ActiveCfg = Debug|Any CPU
		{F421698A-F7EB-405A-9689-6CA5CCC2C832}.Debug|Any CPU.Build.0 = Debug|Any CPU
		{F421698A-F7EB-405A-9689-6CA5CCC2C832}.Debug|x64.ActiveCfg = Debug|Any CPU
		{F421698A-F7EB-405A-9689-6CA5CCC2C832}.Debug|x64.Build.0 = Debug|Any CPU
		{F421698A-F7EB-405A-9689-6CA5CCC2C832}.Debug|x86.ActiveCfg = Debug|Any CPU
		{F421698A-F7EB-405A-9689-6CA5CCC2C832}.Debug|x86.Build.0 = Debug|Any CPU
		{F421698A-F7EB-405A-9689-6CA5CCC2C832}.Release|Any CPU.ActiveCfg = Release|Any CPU
		{F421698A-F7EB-405A-9689-6CA5CCC2C832}.Release|Any CPU.Build.0 = Release|Any CPU
		{F421698A-F7EB-405A-9689-6CA5CCC2C832}.Release|x64.ActiveCfg = Release|Any CPU
		{F421698A-F7EB-405A-9689-6CA5CCC2C832}.Release|x64.Build.0 = Release|Any CPU
		{F421698A-F7EB-405A-9689-6CA5CCC2C832}.Release|x86.ActiveCfg = Release|Any CPU
		{F421698A-F7EB-405A-9689-6CA5CCC2C832}.Release|x86.Build.0 = Release|Any CPU
		{C2A9539B-2F49-4208-9458-323184A5548B}.Debug|Any CPU.ActiveCfg = Debug|Any CPU
		{C2A9539B-2F49-4208-9458-323184A5548B}.Debug|Any CPU.Build.0 = Debug|Any CPU
		{C2A9539B-2F49-4208-9458-323184A5548B}.Debug|x64.ActiveCfg = Debug|Any CPU
		{C2A9539B-2F49-4208-9458-323184A5548B}.Debug|x64.Build.0 = Debug|Any CPU
		{C2A9539B-2F49-4208-9458-323184A5548B}.Debug|x86.ActiveCfg = Debug|Any CPU
		{C2A9539B-2F49-4208-9458-323184A5548B}.Debug|x86.Build.0 = Debug|Any CPU
		{C2A9539B-2F49-4208-9458-323184A5548B}.Release|Any CPU.ActiveCfg = Release|Any CPU
		{C2A9539B-2F49-4208-9458-323184A5548B}.Release|Any CPU.Build.0 = Release|Any CPU
		{C2A9539B-2F49-4208-9458-323184A5548B}.Release|x64.ActiveCfg = Release|Any CPU
		{C2A9539B-2F49-4208-9458-323184A5548B}.Release|x64.Build.0 = Release|Any CPU
		{C2A9539B-2F49-4208-9458-323184A5548B}.Release|x86.ActiveCfg = Release|Any CPU
		{C2A9539B-2F49-4208-9458-323184A5548B}.Release|x86.Build.0 = Release|Any CPU
		{742393AF-7548-4F47-B43C-B4F29207B36E}.Debug|Any CPU.ActiveCfg = Debug|Any CPU
		{742393AF-7548-4F47-B43C-B4F29207B36E}.Debug|Any CPU.Build.0 = Debug|Any CPU
		{742393AF-7548-4F47-B43C-B4F29207B36E}.Debug|x64.ActiveCfg = Debug|Any CPU
		{742393AF-7548-4F47-B43C-B4F29207B36E}.Debug|x64.Build.0 = Debug|Any CPU
		{742393AF-7548-4F47-B43C-B4F29207B36E}.Debug|x86.ActiveCfg = Debug|Any CPU
		{742393AF-7548-4F47-B43C-B4F29207B36E}.Debug|x86.Build.0 = Debug|Any CPU
		{742393AF-7548-4F47-B43C-B4F29207B36E}.Release|Any CPU.ActiveCfg = Release|Any CPU
		{742393AF-7548-4F47-B43C-B4F29207B36E}.Release|Any CPU.Build.0 = Release|Any CPU
		{742393AF-7548-4F47-B43C-B4F29207B36E}.Release|x64.ActiveCfg = Release|Any CPU
		{742393AF-7548-4F47-B43C-B4F29207B36E}.Release|x64.Build.0 = Release|Any CPU
		{742393AF-7548-4F47-B43C-B4F29207B36E}.Release|x86.ActiveCfg = Release|Any CPU
		{742393AF-7548-4F47-B43C-B4F29207B36E}.Release|x86.Build.0 = Release|Any CPU
		{17BC5B0C-BC2F-4AB6-975D-927C0AA84279}.Debug|Any CPU.ActiveCfg = Debug|Any CPU
		{17BC5B0C-BC2F-4AB6-975D-927C0AA84279}.Debug|Any CPU.Build.0 = Debug|Any CPU
		{17BC5B0C-BC2F-4AB6-975D-927C0AA84279}.Debug|x64.ActiveCfg = Debug|Any CPU
		{17BC5B0C-BC2F-4AB6-975D-927C0AA84279}.Debug|x64.Build.0 = Debug|Any CPU
		{17BC5B0C-BC2F-4AB6-975D-927C0AA84279}.Debug|x86.ActiveCfg = Debug|Any CPU
		{17BC5B0C-BC2F-4AB6-975D-927C0AA84279}.Debug|x86.Build.0 = Debug|Any CPU
		{17BC5B0C-BC2F-4AB6-975D-927C0AA84279}.Release|Any CPU.ActiveCfg = Release|Any CPU
		{17BC5B0C-BC2F-4AB6-975D-927C0AA84279}.Release|Any CPU.Build.0 = Release|Any CPU
		{17BC5B0C-BC2F-4AB6-975D-927C0AA84279}.Release|x64.ActiveCfg = Release|Any CPU
		{17BC5B0C-BC2F-4AB6-975D-927C0AA84279}.Release|x64.Build.0 = Release|Any CPU
		{17BC5B0C-BC2F-4AB6-975D-927C0AA84279}.Release|x86.ActiveCfg = Release|Any CPU
		{17BC5B0C-BC2F-4AB6-975D-927C0AA84279}.Release|x86.Build.0 = Release|Any CPU
	EndGlobalSection
	GlobalSection(SolutionProperties) = preSolution
		HideSolutionNode = FALSE
	EndGlobalSection
	GlobalSection(ExtensibilityGlobals) = postSolution
		SolutionGuid = {1AD37078-D278-4405-89C4-40CB0EB1E48C}
	EndGlobalSection
EndGlobal
