
Microsoft Visual Studio Solution File, Format Version 12.00
# Visual Studio 15
VisualStudioVersion = 15.0.28307.168
MinimumVisualStudioVersion = 10.0.40219.1
Project("{FAE04EC0-301F-11D3-BF4B-00C04F79EFBC}") = "DiplomApp", "DiplomApp\DiplomApp.csproj", "{311A393F-8BE7-40B2-9BB2-C2C69D38A228}"
EndProject
Project("{FAE04EC0-301F-11D3-BF4B-00C04F79EFBC}") = "SetOfConstants", "SetOfConstants\SetOfConstants.csproj", "{B710B932-92F7-4802-994F-D8E0179E4B6A}"
EndProject
Project("{FAE04EC0-301F-11D3-BF4B-00C04F79EFBC}") = "MQTTTestApp", "..\MQTTTestApp\MQTTTestApp\MQTTTestApp.csproj", "{909289D5-57C6-4254-A384-23BB62AEB1A9}"
EndProject
Project("{8BC9CEB8-8B4A-11D0-8D11-00A0C91BC942}") = "MqttInterface4Arduino", "MqttInterface4Arduino\MqttInterface4Arduino.vcxproj", "{1130730B-20DF-4D5B-8B46-4B34C83B2719}"
EndProject
Global
	GlobalSection(SolutionConfigurationPlatforms) = preSolution
		Debug|Any CPU = Debug|Any CPU
		Debug|x64 = Debug|x64
		Debug|x86 = Debug|x86
		Release|Any CPU = Release|Any CPU
		Release|x64 = Release|x64
		Release|x86 = Release|x86
	EndGlobalSection
	GlobalSection(ProjectConfigurationPlatforms) = postSolution
		{311A393F-8BE7-40B2-9BB2-C2C69D38A228}.Debug|Any CPU.ActiveCfg = Debug|Any CPU
		{311A393F-8BE7-40B2-9BB2-C2C69D38A228}.Debug|Any CPU.Build.0 = Debug|Any CPU
		{311A393F-8BE7-40B2-9BB2-C2C69D38A228}.Debug|x64.ActiveCfg = Debug|Any CPU
		{311A393F-8BE7-40B2-9BB2-C2C69D38A228}.Debug|x64.Build.0 = Debug|Any CPU
		{311A393F-8BE7-40B2-9BB2-C2C69D38A228}.Debug|x86.ActiveCfg = Debug|Any CPU
		{311A393F-8BE7-40B2-9BB2-C2C69D38A228}.Debug|x86.Build.0 = Debug|Any CPU
		{311A393F-8BE7-40B2-9BB2-C2C69D38A228}.Release|Any CPU.ActiveCfg = Release|Any CPU
		{311A393F-8BE7-40B2-9BB2-C2C69D38A228}.Release|Any CPU.Build.0 = Release|Any CPU
		{311A393F-8BE7-40B2-9BB2-C2C69D38A228}.Release|x64.ActiveCfg = Release|Any CPU
		{311A393F-8BE7-40B2-9BB2-C2C69D38A228}.Release|x64.Build.0 = Release|Any CPU
		{311A393F-8BE7-40B2-9BB2-C2C69D38A228}.Release|x86.ActiveCfg = Release|Any CPU
		{311A393F-8BE7-40B2-9BB2-C2C69D38A228}.Release|x86.Build.0 = Release|Any CPU
		{B710B932-92F7-4802-994F-D8E0179E4B6A}.Debug|Any CPU.ActiveCfg = Debug|Any CPU
		{B710B932-92F7-4802-994F-D8E0179E4B6A}.Debug|Any CPU.Build.0 = Debug|Any CPU
		{B710B932-92F7-4802-994F-D8E0179E4B6A}.Debug|x64.ActiveCfg = Debug|Any CPU
		{B710B932-92F7-4802-994F-D8E0179E4B6A}.Debug|x64.Build.0 = Debug|Any CPU
		{B710B932-92F7-4802-994F-D8E0179E4B6A}.Debug|x86.ActiveCfg = Debug|Any CPU
		{B710B932-92F7-4802-994F-D8E0179E4B6A}.Debug|x86.Build.0 = Debug|Any CPU
		{B710B932-92F7-4802-994F-D8E0179E4B6A}.Release|Any CPU.ActiveCfg = Release|Any CPU
		{B710B932-92F7-4802-994F-D8E0179E4B6A}.Release|Any CPU.Build.0 = Release|Any CPU
		{B710B932-92F7-4802-994F-D8E0179E4B6A}.Release|x64.ActiveCfg = Release|Any CPU
		{B710B932-92F7-4802-994F-D8E0179E4B6A}.Release|x64.Build.0 = Release|Any CPU
		{B710B932-92F7-4802-994F-D8E0179E4B6A}.Release|x86.ActiveCfg = Release|Any CPU
		{B710B932-92F7-4802-994F-D8E0179E4B6A}.Release|x86.Build.0 = Release|Any CPU
		{909289D5-57C6-4254-A384-23BB62AEB1A9}.Debug|Any CPU.ActiveCfg = Debug|Any CPU
		{909289D5-57C6-4254-A384-23BB62AEB1A9}.Debug|Any CPU.Build.0 = Debug|Any CPU
		{909289D5-57C6-4254-A384-23BB62AEB1A9}.Debug|x64.ActiveCfg = Debug|Any CPU
		{909289D5-57C6-4254-A384-23BB62AEB1A9}.Debug|x64.Build.0 = Debug|Any CPU
		{909289D5-57C6-4254-A384-23BB62AEB1A9}.Debug|x86.ActiveCfg = Debug|Any CPU
		{909289D5-57C6-4254-A384-23BB62AEB1A9}.Debug|x86.Build.0 = Debug|Any CPU
		{909289D5-57C6-4254-A384-23BB62AEB1A9}.Release|Any CPU.ActiveCfg = Release|Any CPU
		{909289D5-57C6-4254-A384-23BB62AEB1A9}.Release|Any CPU.Build.0 = Release|Any CPU
		{909289D5-57C6-4254-A384-23BB62AEB1A9}.Release|x64.ActiveCfg = Release|Any CPU
		{909289D5-57C6-4254-A384-23BB62AEB1A9}.Release|x64.Build.0 = Release|Any CPU
		{909289D5-57C6-4254-A384-23BB62AEB1A9}.Release|x86.ActiveCfg = Release|Any CPU
		{909289D5-57C6-4254-A384-23BB62AEB1A9}.Release|x86.Build.0 = Release|Any CPU
		{1130730B-20DF-4D5B-8B46-4B34C83B2719}.Debug|Any CPU.ActiveCfg = Debug|Win32
		{1130730B-20DF-4D5B-8B46-4B34C83B2719}.Debug|x64.ActiveCfg = Debug|x64
		{1130730B-20DF-4D5B-8B46-4B34C83B2719}.Debug|x64.Build.0 = Debug|x64
		{1130730B-20DF-4D5B-8B46-4B34C83B2719}.Debug|x86.ActiveCfg = Debug|Win32
		{1130730B-20DF-4D5B-8B46-4B34C83B2719}.Debug|x86.Build.0 = Debug|Win32
		{1130730B-20DF-4D5B-8B46-4B34C83B2719}.Release|Any CPU.ActiveCfg = Release|Win32
		{1130730B-20DF-4D5B-8B46-4B34C83B2719}.Release|x64.ActiveCfg = Release|x64
		{1130730B-20DF-4D5B-8B46-4B34C83B2719}.Release|x64.Build.0 = Release|x64
		{1130730B-20DF-4D5B-8B46-4B34C83B2719}.Release|x86.ActiveCfg = Release|Win32
		{1130730B-20DF-4D5B-8B46-4B34C83B2719}.Release|x86.Build.0 = Release|Win32
	EndGlobalSection
	GlobalSection(SolutionProperties) = preSolution
		HideSolutionNode = FALSE
	EndGlobalSection
	GlobalSection(ExtensibilityGlobals) = postSolution
		SolutionGuid = {1AD37078-D278-4405-89C4-40CB0EB1E48C}
	EndGlobalSection
EndGlobal
